
Microsoft Visual Studio Solution File, Format Version 12.00
# Visual Studio Version 17
VisualStudioVersion = 17.5.002.0
MinimumVisualStudioVersion = 10.0.40219.1
Project("{9A19103F-16F7-4668-BE54-9A1E7A4F7556}") = "Occhitta.Library.Record.Code", "Source.Code\Occhitta.Library.Record.Code.csproj", "{783EB6BC-B494-4370-B1A7-57DD86783960}"
EndProject
Project("{FAE04EC0-301F-11D3-BF4B-00C04F79EFBC}") = "Occhitta.Library.Record.Test", "Source.Test\Occhitta.Library.Record.Test.csproj", "{F593F38B-8F95-4DF2-95F0-BB290936B2F9}"
EndProject
Global
	GlobalSection(SolutionConfigurationPlatforms) = preSolution
		Debug|Any CPU = Debug|Any CPU
		Release|Any CPU = Release|Any CPU
	EndGlobalSection
	GlobalSection(ProjectConfigurationPlatforms) = postSolution
		{783EB6BC-B494-4370-B1A7-57DD86783960}.Debug|Any CPU.ActiveCfg = Debug|Any CPU
		{783EB6BC-B494-4370-B1A7-57DD86783960}.Debug|Any CPU.Build.0 = Debug|Any CPU
		{783EB6BC-B494-4370-B1A7-57DD86783960}.Release|Any CPU.ActiveCfg = Release|Any CPU
		{783EB6BC-B494-4370-B1A7-57DD86783960}.Release|Any CPU.Build.0 = Release|Any CPU
		{F593F38B-8F95-4DF2-95F0-BB290936B2F9}.Debug|Any CPU.ActiveCfg = Debug|Any CPU
		{F593F38B-8F95-4DF2-95F0-BB290936B2F9}.Debug|Any CPU.Build.0 = Debug|Any CPU
		{F593F38B-8F95-4DF2-95F0-BB290936B2F9}.Release|Any CPU.ActiveCfg = Release|Any CPU
		{F593F38B-8F95-4DF2-95F0-BB290936B2F9}.Release|Any CPU.Build.0 = Release|Any CPU
	EndGlobalSection
	GlobalSection(SolutionProperties) = preSolution
		HideSolutionNode = FALSE
	EndGlobalSection
	GlobalSection(ExtensibilityGlobals) = postSolution
		SolutionGuid = {636C16CB-976D-4BC8-ABBB-FF979E26BDFD}
	EndGlobalSection
EndGlobal
